// !$*UTF8*$!
{
	archiveVersion = 1;
	classes = {
	};
	objectVersion = 60;
	objects = {

/* Begin PBXBuildFile section */
		8D181A3C2C6FF45C00E46376 /* SchemaVersioning.swift in Sources */ = {isa = PBXBuildFile; fileRef = 8D181A3B2C6FF45C00E46376 /* SchemaVersioning.swift */; };
		8D26277F2C77D81000D11F80 /* SpeechManager.swift in Sources */ = {isa = PBXBuildFile; fileRef = 8D26277E2C77D81000D11F80 /* SpeechManager.swift */; };
		8D2627812C77D87A00D11F80 /* Globals.swift in Sources */ = {isa = PBXBuildFile; fileRef = 8D2627802C77D87A00D11F80 /* Globals.swift */; };
		8D2627832C77D9B600D11F80 /* SpeakButton.swift in Sources */ = {isa = PBXBuildFile; fileRef = 8D2627822C77D9B600D11F80 /* SpeakButton.swift */; };
		8D38ED5A2CAC8EC500CCC422 /* DisplaySettingsPageView.swift in Sources */ = {isa = PBXBuildFile; fileRef = 8D38ED592CAC8EC500CCC422 /* DisplaySettingsPageView.swift */; };
		8D38ED5C2CAC8F3E00CCC422 /* SpeechSettingsPageView.swift in Sources */ = {isa = PBXBuildFile; fileRef = 8D38ED5B2CAC8F3E00CCC422 /* SpeechSettingsPageView.swift */; };
		8D38ED5E2CAC902E00CCC422 /* DecksCardsSettingsPageView.swift in Sources */ = {isa = PBXBuildFile; fileRef = 8D38ED5D2CAC902E00CCC422 /* DecksCardsSettingsPageView.swift */; };
		8D38ED602CAC906D00CCC422 /* SettingsPage.swift in Sources */ = {isa = PBXBuildFile; fileRef = 8D38ED5F2CAC906D00CCC422 /* SettingsPage.swift */; };
		8D5DE32D2C582DB400FD0502 /* Card.swift in Sources */ = {isa = PBXBuildFile; fileRef = 8D5DE3282C582DB400FD0502 /* Card.swift */; };
		8D5DE32E2C582DB400FD0502 /* ContentView.swift in Sources */ = {isa = PBXBuildFile; fileRef = 8D5DE3292C582DB400FD0502 /* ContentView.swift */; };
		8D5DE32F2C582DB400FD0502 /* FlexiDeckApp.swift in Sources */ = {isa = PBXBuildFile; fileRef = 8D5DE32B2C582DB400FD0502 /* FlexiDeckApp.swift */; };
		8D5DE3302C582DB400FD0502 /* Assets.xcassets in Resources */ = {isa = PBXBuildFile; fileRef = 8D5DE3272C582DB400FD0502 /* Assets.xcassets */; };
		8D5DE3312C582DB400FD0502 /* Preview Assets.xcassets in Resources */ = {isa = PBXBuildFile; fileRef = 8D5DE3252C582DB400FD0502 /* Preview Assets.xcassets */; };
		8D5DE3352C582F1200FD0502 /* CardView.swift in Sources */ = {isa = PBXBuildFile; fileRef = 8D5DE3342C582F1200FD0502 /* CardView.swift */; };
		8D85550C2C938959006A14E3 /* DupeRemover.swift in Sources */ = {isa = PBXBuildFile; fileRef = 8D85550B2C938959006A14E3 /* DupeRemover.swift */; };
		8D8555102C94D696006A14E3 /* StarButtonView.swift in Sources */ = {isa = PBXBuildFile; fileRef = 8D85550F2C94D696006A14E3 /* StarButtonView.swift */; };
		8D8555122C94D6FD006A14E3 /* StarRatingView.swift in Sources */ = {isa = PBXBuildFile; fileRef = 8D8555112C94D6FD006A14E3 /* StarRatingView.swift */; };
		8DA20A152C7547EA001ED42E /* DeckRowView.swift in Sources */ = {isa = PBXBuildFile; fileRef = 8DA20A142C7547EA001ED42E /* DeckRowView.swift */; };
		8DB0621A2C5D72640057E7DC /* Deck.swift in Sources */ = {isa = PBXBuildFile; fileRef = 8DB062192C5D72640057E7DC /* Deck.swift */; };
		8DB0621C2C5D734D0057E7DC /* CardListView.swift in Sources */ = {isa = PBXBuildFile; fileRef = 8DB0621B2C5D734D0057E7DC /* CardListView.swift */; };
		8DB0621E2C5D7AAB0057E7DC /* DeckSettingsView.swift in Sources */ = {isa = PBXBuildFile; fileRef = 8DB0621D2C5D7AAB0057E7DC /* DeckSettingsView.swift */; };
		8DB062202C5D7C160057E7DC /* CardSettingsView.swift in Sources */ = {isa = PBXBuildFile; fileRef = 8DB0621F2C5D7C160057E7DC /* CardSettingsView.swift */; };
		8DCB0A5C2C62BE8800EB82DC /* SettingsView.swift in Sources */ = {isa = PBXBuildFile; fileRef = 8DCB0A5B2C62BE8800EB82DC /* SettingsView.swift */; };
		8DCB0A622C6409AD00EB82DC /* DialogManager.swift in Sources */ = {isa = PBXBuildFile; fileRef = 8DCB0A612C6409AD00EB82DC /* DialogManager.swift */; };
		8DE403AC2C65674200D61D6E /* SheftAppsStylishUI.framework in Frameworks */ = {isa = PBXBuildFile; fileRef = 8DE403AB2C65674200D61D6E /* SheftAppsStylishUI.framework */; };
		8DE403AD2C65674200D61D6E /* SheftAppsStylishUI.framework in Embed Frameworks */ = {isa = PBXBuildFile; fileRef = 8DE403AB2C65674200D61D6E /* SheftAppsStylishUI.framework */; settings = {ATTRIBUTES = (CodeSignOnCopy, RemoveHeadersOnCopy, ); }; };
		8DE403B12C65688700D61D6E /* CardRowView.swift in Sources */ = {isa = PBXBuildFile; fileRef = 8DE403B02C65688700D61D6E /* CardRowView.swift */; };
		8DE403B32C66B55100D61D6E /* FlexiDeckCommands.swift in Sources */ = {isa = PBXBuildFile; fileRef = 8DE403B22C66B55100D61D6E /* FlexiDeckCommands.swift */; };
		8DE403B52C66B62600D61D6E /* UserDefaultsKeyNames.swift in Sources */ = {isa = PBXBuildFile; fileRef = 8DE403B42C66B62600D61D6E /* UserDefaultsKeyNames.swift */; };
/* End PBXBuildFile section */

/* Begin PBXCopyFilesBuildPhase section */
		8DCB0A602C63421A00EB82DC /* Embed Frameworks */ = {
			isa = PBXCopyFilesBuildPhase;
			buildActionMask = 2147483647;
			dstPath = "";
			dstSubfolderSpec = 10;
			files = (
				8DE403AD2C65674200D61D6E /* SheftAppsStylishUI.framework in Embed Frameworks */,
			);
			name = "Embed Frameworks";
			runOnlyForDeploymentPostprocessing = 0;
		};
/* End PBXCopyFilesBuildPhase section */

/* Begin PBXFileReference section */
		8D07685A2C543AED007F6501 /* FlexiDeck.app */ = {isa = PBXFileReference; explicitFileType = wrapper.application; includeInIndex = 0; path = FlexiDeck.app; sourceTree = BUILT_PRODUCTS_DIR; };
		8D181A3B2C6FF45C00E46376 /* SchemaVersioning.swift */ = {isa = PBXFileReference; lastKnownFileType = sourcecode.swift; path = SchemaVersioning.swift; sourceTree = "<group>"; };
		8D1B1AE42C6E9F3200656FCD /* Info.plist */ = {isa = PBXFileReference; lastKnownFileType = text.plist.xml; path = Info.plist; sourceTree = "<group>"; };
		8D26277E2C77D81000D11F80 /* SpeechManager.swift */ = {isa = PBXFileReference; lastKnownFileType = sourcecode.swift; path = SpeechManager.swift; sourceTree = "<group>"; };
		8D2627802C77D87A00D11F80 /* Globals.swift */ = {isa = PBXFileReference; lastKnownFileType = sourcecode.swift; path = Globals.swift; sourceTree = "<group>"; };
		8D2627822C77D9B600D11F80 /* SpeakButton.swift */ = {isa = PBXFileReference; lastKnownFileType = sourcecode.swift; path = SpeakButton.swift; sourceTree = "<group>"; };
		8D38ED592CAC8EC500CCC422 /* DisplaySettingsPageView.swift */ = {isa = PBXFileReference; lastKnownFileType = sourcecode.swift; path = DisplaySettingsPageView.swift; sourceTree = "<group>"; };
		8D38ED5B2CAC8F3E00CCC422 /* SpeechSettingsPageView.swift */ = {isa = PBXFileReference; lastKnownFileType = sourcecode.swift; path = SpeechSettingsPageView.swift; sourceTree = "<group>"; };
		8D38ED5D2CAC902E00CCC422 /* DecksCardsSettingsPageView.swift */ = {isa = PBXFileReference; lastKnownFileType = sourcecode.swift; path = DecksCardsSettingsPageView.swift; sourceTree = "<group>"; };
		8D38ED5F2CAC906D00CCC422 /* SettingsPage.swift */ = {isa = PBXFileReference; lastKnownFileType = sourcecode.swift; path = SettingsPage.swift; sourceTree = "<group>"; };
		8D5DE3252C582DB400FD0502 /* Preview Assets.xcassets */ = {isa = PBXFileReference; lastKnownFileType = folder.assetcatalog; path = "Preview Assets.xcassets"; sourceTree = "<group>"; };
		8D5DE3272C582DB400FD0502 /* Assets.xcassets */ = {isa = PBXFileReference; lastKnownFileType = folder.assetcatalog; path = Assets.xcassets; sourceTree = "<group>"; };
		8D5DE3282C582DB400FD0502 /* Card.swift */ = {isa = PBXFileReference; lastKnownFileType = sourcecode.swift; path = Card.swift; sourceTree = "<group>"; };
		8D5DE3292C582DB400FD0502 /* ContentView.swift */ = {isa = PBXFileReference; lastKnownFileType = sourcecode.swift; path = ContentView.swift; sourceTree = "<group>"; };
		8D5DE32A2C582DB400FD0502 /* FlexiDeck.entitlements */ = {isa = PBXFileReference; lastKnownFileType = text.plist.entitlements; path = FlexiDeck.entitlements; sourceTree = "<group>"; };
		8D5DE32B2C582DB400FD0502 /* FlexiDeckApp.swift */ = {isa = PBXFileReference; lastKnownFileType = sourcecode.swift; path = FlexiDeckApp.swift; sourceTree = "<group>"; };
		8D5DE3342C582F1200FD0502 /* CardView.swift */ = {isa = PBXFileReference; lastKnownFileType = sourcecode.swift; path = CardView.swift; sourceTree = "<group>"; };
		8D85550B2C938959006A14E3 /* DupeRemover.swift */ = {isa = PBXFileReference; lastKnownFileType = sourcecode.swift; path = DupeRemover.swift; sourceTree = "<group>"; };
		8D85550F2C94D696006A14E3 /* StarButtonView.swift */ = {isa = PBXFileReference; lastKnownFileType = sourcecode.swift; path = StarButtonView.swift; sourceTree = "<group>"; };
		8D8555112C94D6FD006A14E3 /* StarRatingView.swift */ = {isa = PBXFileReference; lastKnownFileType = sourcecode.swift; path = StarRatingView.swift; sourceTree = "<group>"; };
		8DA20A142C7547EA001ED42E /* DeckRowView.swift */ = {isa = PBXFileReference; lastKnownFileType = sourcecode.swift; path = DeckRowView.swift; sourceTree = "<group>"; };
		8DB062192C5D72640057E7DC /* Deck.swift */ = {isa = PBXFileReference; lastKnownFileType = sourcecode.swift; path = Deck.swift; sourceTree = "<group>"; };
		8DB0621B2C5D734D0057E7DC /* CardListView.swift */ = {isa = PBXFileReference; lastKnownFileType = sourcecode.swift; path = CardListView.swift; sourceTree = "<group>"; };
		8DB0621D2C5D7AAB0057E7DC /* DeckSettingsView.swift */ = {isa = PBXFileReference; lastKnownFileType = sourcecode.swift; path = DeckSettingsView.swift; sourceTree = "<group>"; };
		8DB0621F2C5D7C160057E7DC /* CardSettingsView.swift */ = {isa = PBXFileReference; lastKnownFileType = sourcecode.swift; path = CardSettingsView.swift; sourceTree = "<group>"; };
		8DCB0A5B2C62BE8800EB82DC /* SettingsView.swift */ = {isa = PBXFileReference; lastKnownFileType = sourcecode.swift; path = SettingsView.swift; sourceTree = "<group>"; };
		8DCB0A612C6409AD00EB82DC /* DialogManager.swift */ = {isa = PBXFileReference; lastKnownFileType = sourcecode.swift; path = DialogManager.swift; sourceTree = "<group>"; };
		8DE403AB2C65674200D61D6E /* SheftAppsStylishUI.framework */ = {isa = PBXFileReference; explicitFileType = wrapper.framework; path = SheftAppsStylishUI.framework; sourceTree = BUILT_PRODUCTS_DIR; };
		8DE403B02C65688700D61D6E /* CardRowView.swift */ = {isa = PBXFileReference; lastKnownFileType = sourcecode.swift; path = CardRowView.swift; sourceTree = "<group>"; };
		8DE403B22C66B55100D61D6E /* FlexiDeckCommands.swift */ = {isa = PBXFileReference; lastKnownFileType = sourcecode.swift; path = FlexiDeckCommands.swift; sourceTree = "<group>"; };
		8DE403B42C66B62600D61D6E /* UserDefaultsKeyNames.swift */ = {isa = PBXFileReference; lastKnownFileType = sourcecode.swift; path = UserDefaultsKeyNames.swift; sourceTree = "<group>"; };
/* End PBXFileReference section */

/* Begin PBXFrameworksBuildPhase section */
		8D0768572C543AED007F6501 /* Frameworks */ = {
			isa = PBXFrameworksBuildPhase;
			buildActionMask = 2147483647;
			files = (
				8DE403AC2C65674200D61D6E /* SheftAppsStylishUI.framework in Frameworks */,
			);
			runOnlyForDeploymentPostprocessing = 0;
		};
/* End PBXFrameworksBuildPhase section */

/* Begin PBXGroup section */
		8D02F07E2C655E3C00E6A48A /* Settings */ = {
			isa = PBXGroup;
			children = (
				8DCB0A5B2C62BE8800EB82DC /* SettingsView.swift */,
				8D38ED592CAC8EC500CCC422 /* DisplaySettingsPageView.swift */,
				8D38ED5B2CAC8F3E00CCC422 /* SpeechSettingsPageView.swift */,
				8D38ED5D2CAC902E00CCC422 /* DecksCardsSettingsPageView.swift */,
				8DB0621D2C5D7AAB0057E7DC /* DeckSettingsView.swift */,
				8DB0621F2C5D7C160057E7DC /* CardSettingsView.swift */,
			);
			path = Settings;
			sourceTree = "<group>";
		};
		8D0768512C543AEC007F6501 = {
			isa = PBXGroup;
			children = (
				8D5DE32C2C582DB400FD0502 /* FlexiDeck */,
				8D07685B2C543AED007F6501 /* Products */,
				8DD2CB622C58334F00761E05 /* Frameworks */,
			);
			sourceTree = "<group>";
		};
		8D07685B2C543AED007F6501 /* Products */ = {
			isa = PBXGroup;
			children = (
				8D07685A2C543AED007F6501 /* FlexiDeck.app */,
			);
			name = Products;
			sourceTree = "<group>";
		};
		8D181A3A2C6FEF8A00E46376 /* Supporting Files */ = {
			isa = PBXGroup;
			children = (
				8D1B1AE42C6E9F3200656FCD /* Info.plist */,
				8D5DE32A2C582DB400FD0502 /* FlexiDeck.entitlements */,
				8D2627802C77D87A00D11F80 /* Globals.swift */,
			);
			path = "Supporting Files";
			sourceTree = "<group>";
		};
		8D26277D2C77D80000D11F80 /* Managers */ = {
			isa = PBXGroup;
			children = (
				8DCB0A612C6409AD00EB82DC /* DialogManager.swift */,
				8D26277E2C77D81000D11F80 /* SpeechManager.swift */,
			);
			path = Managers;
			sourceTree = "<group>";
		};
		8D5DE3262C582DB400FD0502 /* Preview Content */ = {
			isa = PBXGroup;
			children = (
				8D5DE3252C582DB400FD0502 /* Preview Assets.xcassets */,
			);
			path = "Preview Content";
			sourceTree = "<group>";
		};
		8D5DE32C2C582DB400FD0502 /* FlexiDeck */ = {
			isa = PBXGroup;
			children = (
				8D5DE32B2C582DB400FD0502 /* FlexiDeckApp.swift */,
				8DCB0A592C62BE4500EB82DC /* UI and Images */,
				8DCB0A582C62BE2D00EB82DC /* Model */,
				8D181A3A2C6FEF8A00E46376 /* Supporting Files */,
			);
			path = FlexiDeck;
			sourceTree = "<group>";
		};
		8DA20A162C7562B5001ED42E /* List Row Content */ = {
			isa = PBXGroup;
			children = (
				8DA20A142C7547EA001ED42E /* DeckRowView.swift */,
				8DE403B02C65688700D61D6E /* CardRowView.swift */,
			);
			path = "List Row Content";
			sourceTree = "<group>";
		};
		8DCB0A582C62BE2D00EB82DC /* Model */ = {
			isa = PBXGroup;
			children = (
				8D38ED5F2CAC906D00CCC422 /* SettingsPage.swift */,
				8DCB0A632C640B7B00EB82DC /* SwiftData */,
				8D26277D2C77D80000D11F80 /* Managers */,
				8DE403B42C66B62600D61D6E /* UserDefaultsKeyNames.swift */,
				8D85550B2C938959006A14E3 /* DupeRemover.swift */,
			);
			path = Model;
			sourceTree = "<group>";
		};
		8DCB0A592C62BE4500EB82DC /* UI and Images */ = {
			isa = PBXGroup;
			children = (
				8DE403B22C66B55100D61D6E /* FlexiDeckCommands.swift */,
				8DCB0A5A2C62BE5C00EB82DC /* Views */,
				8D5DE3272C582DB400FD0502 /* Assets.xcassets */,
				8D5DE3262C582DB400FD0502 /* Preview Content */,
			);
			path = "UI and Images";
			sourceTree = "<group>";
		};
		8DCB0A5A2C62BE5C00EB82DC /* Views */ = {
			isa = PBXGroup;
			children = (
				8D5DE3292C582DB400FD0502 /* ContentView.swift */,
				8DB0621B2C5D734D0057E7DC /* CardListView.swift */,
				8DA20A162C7562B5001ED42E /* List Row Content */,
				8D5DE3342C582F1200FD0502 /* CardView.swift */,
				8D2627822C77D9B600D11F80 /* SpeakButton.swift */,
				8D02F07E2C655E3C00E6A48A /* Settings */,
				8D85550F2C94D696006A14E3 /* StarButtonView.swift */,
				8D8555112C94D6FD006A14E3 /* StarRatingView.swift */,
			);
			path = Views;
			sourceTree = "<group>";
		};
		8DCB0A632C640B7B00EB82DC /* SwiftData */ = {
			isa = PBXGroup;
			children = (
				8D5DE3282C582DB400FD0502 /* Card.swift */,
				8DB062192C5D72640057E7DC /* Deck.swift */,
				8D181A3B2C6FF45C00E46376 /* SchemaVersioning.swift */,
			);
			path = SwiftData;
			sourceTree = "<group>";
		};
		8DD2CB622C58334F00761E05 /* Frameworks */ = {
			isa = PBXGroup;
			children = (
				8DE403AB2C65674200D61D6E /* SheftAppsStylishUI.framework */,
			);
			name = Frameworks;
			sourceTree = "<group>";
		};
/* End PBXGroup section */

/* Begin PBXNativeTarget section */
		8D0768592C543AED007F6501 /* FlexiDeck */ = {
			isa = PBXNativeTarget;
			buildConfigurationList = 8D07686B2C543AEF007F6501 /* Build configuration list for PBXNativeTarget "FlexiDeck" */;
			buildPhases = (
				8D0768562C543AED007F6501 /* Sources */,
				8D0768572C543AED007F6501 /* Frameworks */,
				8D0768582C543AED007F6501 /* Resources */,
				8DCB0A602C63421A00EB82DC /* Embed Frameworks */,
			);
			buildRules = (
			);
			dependencies = (
			);
			name = FlexiDeck;
			packageProductDependencies = (
			);
			productName = FlexiDeck;
			productReference = 8D07685A2C543AED007F6501 /* FlexiDeck.app */;
			productType = "com.apple.product-type.application";
		};
/* End PBXNativeTarget section */

/* Begin PBXProject section */
		8D0768522C543AED007F6501 /* Project object */ = {
			isa = PBXProject;
			attributes = {
				BuildIndependentTargetsInParallel = 1;
				LastSwiftUpdateCheck = 1600;
				LastUpgradeCheck = 1610;
				TargetAttributes = {
					8D0768592C543AED007F6501 = {
						CreatedOnToolsVersion = 16.0;
					};
				};
			};
			buildConfigurationList = 8D0768552C543AED007F6501 /* Build configuration list for PBXProject "FlexiDeck" */;
			compatibilityVersion = "Xcode 15.0";
			developmentRegion = en;
			hasScannedForEncodings = 0;
			knownRegions = (
				en,
				Base,
			);
			mainGroup = 8D0768512C543AEC007F6501;
			productRefGroup = 8D07685B2C543AED007F6501 /* Products */;
			projectDirPath = "";
			projectRoot = "";
			targets = (
				8D0768592C543AED007F6501 /* FlexiDeck */,
			);
		};
/* End PBXProject section */

/* Begin PBXResourcesBuildPhase section */
		8D0768582C543AED007F6501 /* Resources */ = {
			isa = PBXResourcesBuildPhase;
			buildActionMask = 2147483647;
			files = (
				8D5DE3302C582DB400FD0502 /* Assets.xcassets in Resources */,
				8D5DE3312C582DB400FD0502 /* Preview Assets.xcassets in Resources */,
			);
			runOnlyForDeploymentPostprocessing = 0;
		};
/* End PBXResourcesBuildPhase section */

/* Begin PBXSourcesBuildPhase section */
		8D0768562C543AED007F6501 /* Sources */ = {
			isa = PBXSourcesBuildPhase;
			buildActionMask = 2147483647;
			files = (
				8D5DE32D2C582DB400FD0502 /* Card.swift in Sources */,
				8D8555102C94D696006A14E3 /* StarButtonView.swift in Sources */,
				8D26277F2C77D81000D11F80 /* SpeechManager.swift in Sources */,
				8D5DE32E2C582DB400FD0502 /* ContentView.swift in Sources */,
				8DB0621A2C5D72640057E7DC /* Deck.swift in Sources */,
				8D2627812C77D87A00D11F80 /* Globals.swift in Sources */,
				8D38ED5C2CAC8F3E00CCC422 /* SpeechSettingsPageView.swift in Sources */,
				8DCB0A622C6409AD00EB82DC /* DialogManager.swift in Sources */,
				8DA20A152C7547EA001ED42E /* DeckRowView.swift in Sources */,
				8D38ED602CAC906D00CCC422 /* SettingsPage.swift in Sources */,
				8DCB0A5C2C62BE8800EB82DC /* SettingsView.swift in Sources */,
				8D38ED5E2CAC902E00CCC422 /* DecksCardsSettingsPageView.swift in Sources */,
				8D38ED5A2CAC8EC500CCC422 /* DisplaySettingsPageView.swift in Sources */,
				8DE403B52C66B62600D61D6E /* UserDefaultsKeyNames.swift in Sources */,
				8D5DE3352C582F1200FD0502 /* CardView.swift in Sources */,
				8DB0621C2C5D734D0057E7DC /* CardListView.swift in Sources */,
				8D8555122C94D6FD006A14E3 /* StarRatingView.swift in Sources */,
				8DE403B12C65688700D61D6E /* CardRowView.swift in Sources */,
				8D2627832C77D9B600D11F80 /* SpeakButton.swift in Sources */,
				8DB062202C5D7C160057E7DC /* CardSettingsView.swift in Sources */,
				8D85550C2C938959006A14E3 /* DupeRemover.swift in Sources */,
				8D5DE32F2C582DB400FD0502 /* FlexiDeckApp.swift in Sources */,
				8DB0621E2C5D7AAB0057E7DC /* DeckSettingsView.swift in Sources */,
				8D181A3C2C6FF45C00E46376 /* SchemaVersioning.swift in Sources */,
				8DE403B32C66B55100D61D6E /* FlexiDeckCommands.swift in Sources */,
			);
			runOnlyForDeploymentPostprocessing = 0;
		};
/* End PBXSourcesBuildPhase section */

/* Begin XCBuildConfiguration section */
		8D0768692C543AEF007F6501 /* Debug */ = {
			isa = XCBuildConfiguration;
			buildSettings = {
				ALWAYS_SEARCH_USER_PATHS = NO;
				ASSETCATALOG_COMPILER_GENERATE_SWIFT_ASSET_SYMBOL_EXTENSIONS = YES;
				CLANG_ANALYZER_NONNULL = YES;
				CLANG_ANALYZER_NUMBER_OBJECT_CONVERSION = YES_AGGRESSIVE;
				CLANG_CXX_LANGUAGE_STANDARD = "gnu++20";
				CLANG_ENABLE_MODULES = YES;
				CLANG_ENABLE_OBJC_ARC = YES;
				CLANG_ENABLE_OBJC_WEAK = YES;
				CLANG_WARN_BLOCK_CAPTURE_AUTORELEASING = YES;
				CLANG_WARN_BOOL_CONVERSION = YES;
				CLANG_WARN_COMMA = YES;
				CLANG_WARN_CONSTANT_CONVERSION = YES;
				CLANG_WARN_DEPRECATED_OBJC_IMPLEMENTATIONS = YES;
				CLANG_WARN_DIRECT_OBJC_ISA_USAGE = YES_ERROR;
				CLANG_WARN_DOCUMENTATION_COMMENTS = YES;
				CLANG_WARN_EMPTY_BODY = YES;
				CLANG_WARN_ENUM_CONVERSION = YES;
				CLANG_WARN_INFINITE_RECURSION = YES;
				CLANG_WARN_INT_CONVERSION = YES;
				CLANG_WARN_NON_LITERAL_NULL_CONVERSION = YES;
				CLANG_WARN_OBJC_IMPLICIT_RETAIN_SELF = YES;
				CLANG_WARN_OBJC_LITERAL_CONVERSION = YES;
				CLANG_WARN_OBJC_ROOT_CLASS = YES_ERROR;
				CLANG_WARN_QUOTED_INCLUDE_IN_FRAMEWORK_HEADER = YES;
				CLANG_WARN_RANGE_LOOP_ANALYSIS = YES;
				CLANG_WARN_STRICT_PROTOTYPES = YES;
				CLANG_WARN_SUSPICIOUS_MOVE = YES;
				CLANG_WARN_UNGUARDED_AVAILABILITY = YES_AGGRESSIVE;
				CLANG_WARN_UNREACHABLE_CODE = YES;
				CLANG_WARN__DUPLICATE_METHOD_MATCH = YES;
				COPY_PHASE_STRIP = NO;
				DEAD_CODE_STRIPPING = YES;
				DEBUG_INFORMATION_FORMAT = dwarf;
				ENABLE_STRICT_OBJC_MSGSEND = YES;
				ENABLE_TESTABILITY = YES;
				ENABLE_USER_SCRIPT_SANDBOXING = YES;
				GCC_C_LANGUAGE_STANDARD = gnu17;
				GCC_DYNAMIC_NO_PIC = NO;
				GCC_NO_COMMON_BLOCKS = YES;
				GCC_OPTIMIZATION_LEVEL = 0;
				GCC_PREPROCESSOR_DEFINITIONS = (
					"DEBUG=1",
					"$(inherited)",
				);
				GCC_WARN_64_TO_32_BIT_CONVERSION = YES;
				GCC_WARN_ABOUT_RETURN_TYPE = YES_ERROR;
				GCC_WARN_UNDECLARED_SELECTOR = YES;
				GCC_WARN_UNINITIALIZED_AUTOS = YES_AGGRESSIVE;
				GCC_WARN_UNUSED_FUNCTION = YES;
				GCC_WARN_UNUSED_VARIABLE = YES;
				LOCALIZATION_PREFERS_STRING_CATALOGS = YES;
				MTL_ENABLE_DEBUG_INFO = INCLUDE_SOURCE;
				MTL_FAST_MATH = YES;
				ONLY_ACTIVE_ARCH = YES;
				SWIFT_ACTIVE_COMPILATION_CONDITIONS = "DEBUG $(inherited)";
				SWIFT_OPTIMIZATION_LEVEL = "-Onone";
				SWIFT_VERSION = 5.0;
			};
			name = Debug;
		};
		8D07686A2C543AEF007F6501 /* Release */ = {
			isa = XCBuildConfiguration;
			buildSettings = {
				ALWAYS_SEARCH_USER_PATHS = NO;
				ASSETCATALOG_COMPILER_GENERATE_SWIFT_ASSET_SYMBOL_EXTENSIONS = YES;
				CLANG_ANALYZER_NONNULL = YES;
				CLANG_ANALYZER_NUMBER_OBJECT_CONVERSION = YES_AGGRESSIVE;
				CLANG_CXX_LANGUAGE_STANDARD = "gnu++20";
				CLANG_ENABLE_MODULES = YES;
				CLANG_ENABLE_OBJC_ARC = YES;
				CLANG_ENABLE_OBJC_WEAK = YES;
				CLANG_WARN_BLOCK_CAPTURE_AUTORELEASING = YES;
				CLANG_WARN_BOOL_CONVERSION = YES;
				CLANG_WARN_COMMA = YES;
				CLANG_WARN_CONSTANT_CONVERSION = YES;
				CLANG_WARN_DEPRECATED_OBJC_IMPLEMENTATIONS = YES;
				CLANG_WARN_DIRECT_OBJC_ISA_USAGE = YES_ERROR;
				CLANG_WARN_DOCUMENTATION_COMMENTS = YES;
				CLANG_WARN_EMPTY_BODY = YES;
				CLANG_WARN_ENUM_CONVERSION = YES;
				CLANG_WARN_INFINITE_RECURSION = YES;
				CLANG_WARN_INT_CONVERSION = YES;
				CLANG_WARN_NON_LITERAL_NULL_CONVERSION = YES;
				CLANG_WARN_OBJC_IMPLICIT_RETAIN_SELF = YES;
				CLANG_WARN_OBJC_LITERAL_CONVERSION = YES;
				CLANG_WARN_OBJC_ROOT_CLASS = YES_ERROR;
				CLANG_WARN_QUOTED_INCLUDE_IN_FRAMEWORK_HEADER = YES;
				CLANG_WARN_RANGE_LOOP_ANALYSIS = YES;
				CLANG_WARN_STRICT_PROTOTYPES = YES;
				CLANG_WARN_SUSPICIOUS_MOVE = YES;
				CLANG_WARN_UNGUARDED_AVAILABILITY = YES_AGGRESSIVE;
				CLANG_WARN_UNREACHABLE_CODE = YES;
				CLANG_WARN__DUPLICATE_METHOD_MATCH = YES;
				COPY_PHASE_STRIP = NO;
				DEAD_CODE_STRIPPING = YES;
				DEBUG_INFORMATION_FORMAT = "dwarf-with-dsym";
				ENABLE_NS_ASSERTIONS = NO;
				ENABLE_STRICT_OBJC_MSGSEND = YES;
				ENABLE_USER_SCRIPT_SANDBOXING = YES;
				GCC_C_LANGUAGE_STANDARD = gnu17;
				GCC_NO_COMMON_BLOCKS = YES;
				GCC_WARN_64_TO_32_BIT_CONVERSION = YES;
				GCC_WARN_ABOUT_RETURN_TYPE = YES_ERROR;
				GCC_WARN_UNDECLARED_SELECTOR = YES;
				GCC_WARN_UNINITIALIZED_AUTOS = YES_AGGRESSIVE;
				GCC_WARN_UNUSED_FUNCTION = YES;
				GCC_WARN_UNUSED_VARIABLE = YES;
				LOCALIZATION_PREFERS_STRING_CATALOGS = YES;
				MTL_ENABLE_DEBUG_INFO = NO;
				MTL_FAST_MATH = YES;
				SWIFT_COMPILATION_MODE = wholemodule;
				SWIFT_VERSION = 5.0;
			};
			name = Release;
		};
		8D07686C2C543AEF007F6501 /* Debug */ = {
			isa = XCBuildConfiguration;
			buildSettings = {
				ASSETCATALOG_COMPILER_APPICON_NAME = AppIcon;
				ASSETCATALOG_COMPILER_GLOBAL_ACCENT_COLOR_NAME = AccentColor;
				CODE_SIGN_ENTITLEMENTS = "FlexiDeck/Supporting Files/FlexiDeck.entitlements";
				CODE_SIGN_STYLE = Automatic;
				CURRENT_PROJECT_VERSION = 100;
				DEAD_CODE_STRIPPING = YES;
				DEVELOPMENT_ASSET_PATHS = "\"FlexiDeck/UI and Images/Preview Content/Preview Assets.xcassets\"";
				DEVELOPMENT_TEAM = 3B6G4T54X3;
				ENABLE_HARDENED_RUNTIME = YES;
				ENABLE_PREVIEWS = YES;
				GENERATE_INFOPLIST_FILE = YES;
				INFOPLIST_FILE = "FlexiDeck/Supporting Files/Info.plist";
				INFOPLIST_KEY_NSHumanReadableCopyright = "Copyright © 2024 SheftApps. All rights reserved.";
				"INFOPLIST_KEY_UIApplicationSceneManifest_Generation[sdk=iphoneos*]" = YES;
				"INFOPLIST_KEY_UIApplicationSceneManifest_Generation[sdk=iphonesimulator*]" = YES;
				"INFOPLIST_KEY_UIApplicationSupportsIndirectInputEvents[sdk=iphoneos*]" = YES;
				"INFOPLIST_KEY_UIApplicationSupportsIndirectInputEvents[sdk=iphonesimulator*]" = YES;
				"INFOPLIST_KEY_UILaunchScreen_Generation[sdk=iphoneos*]" = YES;
				"INFOPLIST_KEY_UILaunchScreen_Generation[sdk=iphonesimulator*]" = YES;
				"INFOPLIST_KEY_UIStatusBarStyle[sdk=iphoneos*]" = UIStatusBarStyleDefault;
				"INFOPLIST_KEY_UIStatusBarStyle[sdk=iphonesimulator*]" = UIStatusBarStyleDefault;
				INFOPLIST_KEY_UISupportedInterfaceOrientations_iPad = "UIInterfaceOrientationPortrait UIInterfaceOrientationPortraitUpsideDown UIInterfaceOrientationLandscapeLeft UIInterfaceOrientationLandscapeRight";
				INFOPLIST_KEY_UISupportedInterfaceOrientations_iPhone = "UIInterfaceOrientationPortrait UIInterfaceOrientationLandscapeLeft UIInterfaceOrientationLandscapeRight";
				IPHONEOS_DEPLOYMENT_TARGET = 17.0;
				LD_RUNPATH_SEARCH_PATHS = "@executable_path/Frameworks";
				"LD_RUNPATH_SEARCH_PATHS[sdk=macosx*]" = "@executable_path/../Frameworks";
				MACOSX_DEPLOYMENT_TARGET = 14.0;
				MARKETING_VERSION = 2024.11;
				PRODUCT_BUNDLE_IDENTIFIER = com.tylersheft.FlexiDeck;
				PRODUCT_NAME = "$(TARGET_NAME)";
				SDKROOT = auto;
				SUPPORTED_PLATFORMS = "iphoneos iphonesimulator macosx xros xrsimulator";
				SUPPORTS_MACCATALYST = NO;
				SWIFT_EMIT_LOC_STRINGS = YES;
				SWIFT_VERSION = 5.0;
				TARGETED_DEVICE_FAMILY = "1,2,7";
				XROS_DEPLOYMENT_TARGET = 1.0;
			};
			name = Debug;
		};
		8D07686D2C543AEF007F6501 /* Release */ = {
			isa = XCBuildConfiguration;
			buildSettings = {
				ASSETCATALOG_COMPILER_APPICON_NAME = AppIcon;
				ASSETCATALOG_COMPILER_GLOBAL_ACCENT_COLOR_NAME = AccentColor;
				CODE_SIGN_ENTITLEMENTS = "FlexiDeck/Supporting Files/FlexiDeck.entitlements";
				CODE_SIGN_STYLE = Automatic;
				CURRENT_PROJECT_VERSION = 100;
				DEAD_CODE_STRIPPING = YES;
				DEVELOPMENT_ASSET_PATHS = "\"FlexiDeck/UI and Images/Preview Content/Preview Assets.xcassets\"";
				DEVELOPMENT_TEAM = 3B6G4T54X3;
				ENABLE_HARDENED_RUNTIME = YES;
				ENABLE_PREVIEWS = YES;
				GENERATE_INFOPLIST_FILE = YES;
				INFOPLIST_FILE = "FlexiDeck/Supporting Files/Info.plist";
				INFOPLIST_KEY_NSHumanReadableCopyright = "Copyright © 2024 SheftApps. All rights reserved.";
				"INFOPLIST_KEY_UIApplicationSceneManifest_Generation[sdk=iphoneos*]" = YES;
				"INFOPLIST_KEY_UIApplicationSceneManifest_Generation[sdk=iphonesimulator*]" = YES;
				"INFOPLIST_KEY_UIApplicationSupportsIndirectInputEvents[sdk=iphoneos*]" = YES;
				"INFOPLIST_KEY_UIApplicationSupportsIndirectInputEvents[sdk=iphonesimulator*]" = YES;
				"INFOPLIST_KEY_UILaunchScreen_Generation[sdk=iphoneos*]" = YES;
				"INFOPLIST_KEY_UILaunchScreen_Generation[sdk=iphonesimulator*]" = YES;
				"INFOPLIST_KEY_UIStatusBarStyle[sdk=iphoneos*]" = UIStatusBarStyleDefault;
				"INFOPLIST_KEY_UIStatusBarStyle[sdk=iphonesimulator*]" = UIStatusBarStyleDefault;
				INFOPLIST_KEY_UISupportedInterfaceOrientations_iPad = "UIInterfaceOrientationPortrait UIInterfaceOrientationPortraitUpsideDown UIInterfaceOrientationLandscapeLeft UIInterfaceOrientationLandscapeRight";
				INFOPLIST_KEY_UISupportedInterfaceOrientations_iPhone = "UIInterfaceOrientationPortrait UIInterfaceOrientationLandscapeLeft UIInterfaceOrientationLandscapeRight";
				IPHONEOS_DEPLOYMENT_TARGET = 17.0;
				LD_RUNPATH_SEARCH_PATHS = "@executable_path/Frameworks";
				"LD_RUNPATH_SEARCH_PATHS[sdk=macosx*]" = "@executable_path/../Frameworks";
				MACOSX_DEPLOYMENT_TARGET = 14.0;
				MARKETING_VERSION = 2024.11;
				PRODUCT_BUNDLE_IDENTIFIER = com.tylersheft.FlexiDeck;
				PRODUCT_NAME = "$(TARGET_NAME)";
				SDKROOT = auto;
				SUPPORTED_PLATFORMS = "iphoneos iphonesimulator macosx xros xrsimulator";
				SUPPORTS_MACCATALYST = NO;
				SWIFT_EMIT_LOC_STRINGS = YES;
				SWIFT_VERSION = 5.0;
				TARGETED_DEVICE_FAMILY = "1,2,7";
				XROS_DEPLOYMENT_TARGET = 1.0;
			};
			name = Release;
		};
/* End XCBuildConfiguration section */

/* Begin XCConfigurationList section */
		8D0768552C543AED007F6501 /* Build configuration list for PBXProject "FlexiDeck" */ = {
			isa = XCConfigurationList;
			buildConfigurations = (
				8D0768692C543AEF007F6501 /* Debug */,
				8D07686A2C543AEF007F6501 /* Release */,
			);
			defaultConfigurationIsVisible = 0;
			defaultConfigurationName = Release;
		};
		8D07686B2C543AEF007F6501 /* Build configuration list for PBXNativeTarget "FlexiDeck" */ = {
			isa = XCConfigurationList;
			buildConfigurations = (
				8D07686C2C543AEF007F6501 /* Debug */,
				8D07686D2C543AEF007F6501 /* Release */,
			);
			defaultConfigurationIsVisible = 0;
			defaultConfigurationName = Release;
		};
/* End XCConfigurationList section */
	};
	rootObject = 8D0768522C543AED007F6501 /* Project object */;
}
